
Microsoft Visual Studio Solution File, Format Version 12.00
# Visual Studio 15
VisualStudioVersion = 15.0.26730.8
MinimumVisualStudioVersion = 10.0.40219.1
Project("{FAE04EC0-301F-11D3-BF4B-00C04F79EFBC}") = "Ejercicio001", "Ejercicio1\Ejercicio001.csproj", "{483B98F8-F236-45C3-A31C-4DF65159E294}"
EndProject
Project("{FAE04EC0-301F-11D3-BF4B-00C04F79EFBC}") = "Ejercicio002", "Ejercicio2\Ejercicio002.csproj", "{59C84044-545F-4F0F-9BB1-BE0C2F0AED67}"
EndProject
Project("{FAE04EC0-301F-11D3-BF4B-00C04F79EFBC}") = "Ejercicio003", "Ejercicio003\Ejercicio003.csproj", "{B3EB6247-906B-4878-9809-C3FB87D03EA2}"
EndProject
Project("{FAE04EC0-301F-11D3-BF4B-00C04F79EFBC}") = "Ejercicio004", "Ejercicio004\Ejercicio004.csproj", "{1DE2C201-B3BF-474B-A0A0-F38814C7595A}"
EndProject
Project("{FAE04EC0-301F-11D3-BF4B-00C04F79EFBC}") = "Ejercicio006", "Ejercicio006\Ejercicio006.csproj", "{12C70F7B-8BBE-4EE4-B7C6-7E681574C220}"
EndProject
Project("{FAE04EC0-301F-11D3-BF4B-00C04F79EFBC}") = "Ejercicio007", "Ejercicio007\Ejercicio007.csproj", "{A7EA6ADA-AE6C-4097-9198-F04BBABA2389}"
EndProject
Project("{FAE04EC0-301F-11D3-BF4B-00C04F79EFBC}") = "Ejercicio031", "Ejercicio031\Ejercicio031.csproj", "{B7097BF8-2A29-4930-B0BB-A7FC7FDDDF5A}"
EndProject
Project("{FAE04EC0-301F-11D3-BF4B-00C04F79EFBC}") = "Ejercicio029", "ConsoleApp1\Ejercicio029.csproj", "{AB5AECE3-81F5-4CD2-8AE2-2264A632EBCB}"
EndProject
Project("{FAE04EC0-301F-11D3-BF4B-00C04F79EFBC}") = "Ejercicio008", "Ejercicio008\Ejercicio008.csproj", "{771DCAF5-78D8-46FB-889C-302AF7E91BF5}"
EndProject
Project("{FAE04EC0-301F-11D3-BF4B-00C04F79EFBC}") = "Ejercicio009", "Ejercicio009\Ejercicio009.csproj", "{9C7D3173-6FCD-4DC0-B2AD-84A044B81165}"
EndProject
Project("{FAE04EC0-301F-11D3-BF4B-00C04F79EFBC}") = "Ejercicio011", "Ejercicio010\Ejercicio011.csproj", "{8A98B61A-6C4F-4241-A719-95F4249F6C74}"
EndProject
Project("{FAE04EC0-301F-11D3-BF4B-00C04F79EFBC}") = "Ejercicio012", "Ejercicio12\Ejercicio012.csproj", "{5EE4B930-C5C1-4652-95E5-0A5BFAC0E66F}"
EndProject
Project("{FAE04EC0-301F-11D3-BF4B-00C04F79EFBC}") = "Ejercicio013", "Ejercicio13\Ejercicio013.csproj", "{48498F94-C729-418E-BAD6-16680A4C416C}"
EndProject
Project("{FAE04EC0-301F-11D3-BF4B-00C04F79EFBC}") = "Ejercicio014", "Ejercicio014\Ejercicio014.csproj", "{33561F4A-8872-45AC-8BD9-DE2FD12FFBF4}"
EndProject
Project("{FAE04EC0-301F-11D3-BF4B-00C04F79EFBC}") = "Ejercicio015", "Ejercicio015\Ejercicio015.csproj", "{CA6D10C6-5F6B-49AA-B1C3-6E621F49C60E}"
EndProject
Project("{FAE04EC0-301F-11D3-BF4B-00C04F79EFBC}") = "Ejercicio016", "Alumno\Ejercicio016.csproj", "{ABE4BDC0-C599-474D-92D7-64E4F8308F9F}"
EndProject
Project("{FAE04EC0-301F-11D3-BF4B-00C04F79EFBC}") = "Ejercicio017_T", "Ejercicio017\Ejercicio017_T.csproj", "{57E9D07A-C1D2-4775-A984-51E53B65ECCC}"
EndProject
Project("{FAE04EC0-301F-11D3-BF4B-00C04F79EFBC}") = "Ejercicio018_T", "Ejercicio018\Ejercicio018_T.csproj", "{4625249B-88F9-4FCC-944E-870F4DDF60D3}"
EndProject
Project("{FAE04EC0-301F-11D3-BF4B-00C04F79EFBC}") = "Ejercicio035", "Ejercicio035\Ejercicio035.csproj", "{71746070-C378-42E0-A98E-C66159098F72}"
EndProject
Project("{FAE04EC0-301F-11D3-BF4B-00C04F79EFBC}") = "Ejercicio034", "Ejercicio034\Ejercicio034.csproj", "{BD1AF76D-ACDB-4041-A990-3A6A53869278}"
EndProject
Global
	GlobalSection(SolutionConfigurationPlatforms) = preSolution
		Debug|Any CPU = Debug|Any CPU
		Release|Any CPU = Release|Any CPU
	EndGlobalSection
	GlobalSection(ProjectConfigurationPlatforms) = postSolution
		{483B98F8-F236-45C3-A31C-4DF65159E294}.Debug|Any CPU.ActiveCfg = Debug|Any CPU
		{483B98F8-F236-45C3-A31C-4DF65159E294}.Debug|Any CPU.Build.0 = Debug|Any CPU
		{483B98F8-F236-45C3-A31C-4DF65159E294}.Release|Any CPU.ActiveCfg = Release|Any CPU
		{483B98F8-F236-45C3-A31C-4DF65159E294}.Release|Any CPU.Build.0 = Release|Any CPU
		{59C84044-545F-4F0F-9BB1-BE0C2F0AED67}.Debug|Any CPU.ActiveCfg = Debug|Any CPU
		{59C84044-545F-4F0F-9BB1-BE0C2F0AED67}.Debug|Any CPU.Build.0 = Debug|Any CPU
		{59C84044-545F-4F0F-9BB1-BE0C2F0AED67}.Release|Any CPU.ActiveCfg = Release|Any CPU
		{59C84044-545F-4F0F-9BB1-BE0C2F0AED67}.Release|Any CPU.Build.0 = Release|Any CPU
		{B3EB6247-906B-4878-9809-C3FB87D03EA2}.Debug|Any CPU.ActiveCfg = Debug|Any CPU
		{B3EB6247-906B-4878-9809-C3FB87D03EA2}.Debug|Any CPU.Build.0 = Debug|Any CPU
		{B3EB6247-906B-4878-9809-C3FB87D03EA2}.Release|Any CPU.ActiveCfg = Release|Any CPU
		{B3EB6247-906B-4878-9809-C3FB87D03EA2}.Release|Any CPU.Build.0 = Release|Any CPU
		{1DE2C201-B3BF-474B-A0A0-F38814C7595A}.Debug|Any CPU.ActiveCfg = Debug|Any CPU
		{1DE2C201-B3BF-474B-A0A0-F38814C7595A}.Debug|Any CPU.Build.0 = Debug|Any CPU
		{1DE2C201-B3BF-474B-A0A0-F38814C7595A}.Release|Any CPU.ActiveCfg = Release|Any CPU
		{1DE2C201-B3BF-474B-A0A0-F38814C7595A}.Release|Any CPU.Build.0 = Release|Any CPU
		{12C70F7B-8BBE-4EE4-B7C6-7E681574C220}.Debug|Any CPU.ActiveCfg = Debug|Any CPU
		{12C70F7B-8BBE-4EE4-B7C6-7E681574C220}.Debug|Any CPU.Build.0 = Debug|Any CPU
		{12C70F7B-8BBE-4EE4-B7C6-7E681574C220}.Release|Any CPU.ActiveCfg = Release|Any CPU
		{12C70F7B-8BBE-4EE4-B7C6-7E681574C220}.Release|Any CPU.Build.0 = Release|Any CPU
		{A7EA6ADA-AE6C-4097-9198-F04BBABA2389}.Debug|Any CPU.ActiveCfg = Debug|Any CPU
		{A7EA6ADA-AE6C-4097-9198-F04BBABA2389}.Debug|Any CPU.Build.0 = Debug|Any CPU
		{A7EA6ADA-AE6C-4097-9198-F04BBABA2389}.Release|Any CPU.ActiveCfg = Release|Any CPU
		{A7EA6ADA-AE6C-4097-9198-F04BBABA2389}.Release|Any CPU.Build.0 = Release|Any CPU
		{B7097BF8-2A29-4930-B0BB-A7FC7FDDDF5A}.Debug|Any CPU.ActiveCfg = Debug|Any CPU
		{B7097BF8-2A29-4930-B0BB-A7FC7FDDDF5A}.Debug|Any CPU.Build.0 = Debug|Any CPU
		{B7097BF8-2A29-4930-B0BB-A7FC7FDDDF5A}.Release|Any CPU.ActiveCfg = Release|Any CPU
		{B7097BF8-2A29-4930-B0BB-A7FC7FDDDF5A}.Release|Any CPU.Build.0 = Release|Any CPU
		{AB5AECE3-81F5-4CD2-8AE2-2264A632EBCB}.Debug|Any CPU.ActiveCfg = Debug|Any CPU
		{AB5AECE3-81F5-4CD2-8AE2-2264A632EBCB}.Debug|Any CPU.Build.0 = Debug|Any CPU
		{AB5AECE3-81F5-4CD2-8AE2-2264A632EBCB}.Release|Any CPU.ActiveCfg = Release|Any CPU
		{AB5AECE3-81F5-4CD2-8AE2-2264A632EBCB}.Release|Any CPU.Build.0 = Release|Any CPU
		{771DCAF5-78D8-46FB-889C-302AF7E91BF5}.Debug|Any CPU.ActiveCfg = Debug|Any CPU
		{771DCAF5-78D8-46FB-889C-302AF7E91BF5}.Debug|Any CPU.Build.0 = Debug|Any CPU
		{771DCAF5-78D8-46FB-889C-302AF7E91BF5}.Release|Any CPU.ActiveCfg = Release|Any CPU
		{771DCAF5-78D8-46FB-889C-302AF7E91BF5}.Release|Any CPU.Build.0 = Release|Any CPU
		{9C7D3173-6FCD-4DC0-B2AD-84A044B81165}.Debug|Any CPU.ActiveCfg = Debug|Any CPU
		{9C7D3173-6FCD-4DC0-B2AD-84A044B81165}.Debug|Any CPU.Build.0 = Debug|Any CPU
		{9C7D3173-6FCD-4DC0-B2AD-84A044B81165}.Release|Any CPU.ActiveCfg = Release|Any CPU
		{9C7D3173-6FCD-4DC0-B2AD-84A044B81165}.Release|Any CPU.Build.0 = Release|Any CPU
		{8A98B61A-6C4F-4241-A719-95F4249F6C74}.Debug|Any CPU.ActiveCfg = Debug|Any CPU
		{8A98B61A-6C4F-4241-A719-95F4249F6C74}.Debug|Any CPU.Build.0 = Debug|Any CPU
		{8A98B61A-6C4F-4241-A719-95F4249F6C74}.Release|Any CPU.ActiveCfg = Release|Any CPU
		{8A98B61A-6C4F-4241-A719-95F4249F6C74}.Release|Any CPU.Build.0 = Release|Any CPU
		{5EE4B930-C5C1-4652-95E5-0A5BFAC0E66F}.Debug|Any CPU.ActiveCfg = Debug|Any CPU
		{5EE4B930-C5C1-4652-95E5-0A5BFAC0E66F}.Debug|Any CPU.Build.0 = Debug|Any CPU
		{5EE4B930-C5C1-4652-95E5-0A5BFAC0E66F}.Release|Any CPU.ActiveCfg = Release|Any CPU
		{5EE4B930-C5C1-4652-95E5-0A5BFAC0E66F}.Release|Any CPU.Build.0 = Release|Any CPU
		{48498F94-C729-418E-BAD6-16680A4C416C}.Debug|Any CPU.ActiveCfg = Debug|Any CPU
		{48498F94-C729-418E-BAD6-16680A4C416C}.Debug|Any CPU.Build.0 = Debug|Any CPU
		{48498F94-C729-418E-BAD6-16680A4C416C}.Release|Any CPU.ActiveCfg = Release|Any CPU
		{48498F94-C729-418E-BAD6-16680A4C416C}.Release|Any CPU.Build.0 = Release|Any CPU
		{33561F4A-8872-45AC-8BD9-DE2FD12FFBF4}.Debug|Any CPU.ActiveCfg = Debug|Any CPU
		{33561F4A-8872-45AC-8BD9-DE2FD12FFBF4}.Debug|Any CPU.Build.0 = Debug|Any CPU
		{33561F4A-8872-45AC-8BD9-DE2FD12FFBF4}.Release|Any CPU.ActiveCfg = Release|Any CPU
		{33561F4A-8872-45AC-8BD9-DE2FD12FFBF4}.Release|Any CPU.Build.0 = Release|Any CPU
		{CA6D10C6-5F6B-49AA-B1C3-6E621F49C60E}.Debug|Any CPU.ActiveCfg = Debug|Any CPU
		{CA6D10C6-5F6B-49AA-B1C3-6E621F49C60E}.Debug|Any CPU.Build.0 = Debug|Any CPU
		{CA6D10C6-5F6B-49AA-B1C3-6E621F49C60E}.Release|Any CPU.ActiveCfg = Release|Any CPU
		{CA6D10C6-5F6B-49AA-B1C3-6E621F49C60E}.Release|Any CPU.Build.0 = Release|Any CPU
		{ABE4BDC0-C599-474D-92D7-64E4F8308F9F}.Debug|Any CPU.ActiveCfg = Debug|Any CPU
		{ABE4BDC0-C599-474D-92D7-64E4F8308F9F}.Debug|Any CPU.Build.0 = Debug|Any CPU
		{ABE4BDC0-C599-474D-92D7-64E4F8308F9F}.Release|Any CPU.ActiveCfg = Release|Any CPU
		{ABE4BDC0-C599-474D-92D7-64E4F8308F9F}.Release|Any CPU.Build.0 = Release|Any CPU
		{57E9D07A-C1D2-4775-A984-51E53B65ECCC}.Debug|Any CPU.ActiveCfg = Debug|Any CPU
		{57E9D07A-C1D2-4775-A984-51E53B65ECCC}.Debug|Any CPU.Build.0 = Debug|Any CPU
		{57E9D07A-C1D2-4775-A984-51E53B65ECCC}.Release|Any CPU.ActiveCfg = Release|Any CPU
		{57E9D07A-C1D2-4775-A984-51E53B65ECCC}.Release|Any CPU.Build.0 = Release|Any CPU
		{4625249B-88F9-4FCC-944E-870F4DDF60D3}.Debug|Any CPU.ActiveCfg = Debug|Any CPU
		{4625249B-88F9-4FCC-944E-870F4DDF60D3}.Debug|Any CPU.Build.0 = Debug|Any CPU
		{4625249B-88F9-4FCC-944E-870F4DDF60D3}.Release|Any CPU.ActiveCfg = Release|Any CPU
		{4625249B-88F9-4FCC-944E-870F4DDF60D3}.Release|Any CPU.Build.0 = Release|Any CPU
		{71746070-C378-42E0-A98E-C66159098F72}.Debug|Any CPU.ActiveCfg = Debug|Any CPU
		{71746070-C378-42E0-A98E-C66159098F72}.Debug|Any CPU.Build.0 = Debug|Any CPU
		{71746070-C378-42E0-A98E-C66159098F72}.Release|Any CPU.ActiveCfg = Release|Any CPU
		{71746070-C378-42E0-A98E-C66159098F72}.Release|Any CPU.Build.0 = Release|Any CPU
		{BD1AF76D-ACDB-4041-A990-3A6A53869278}.Debug|Any CPU.ActiveCfg = Debug|Any CPU
		{BD1AF76D-ACDB-4041-A990-3A6A53869278}.Debug|Any CPU.Build.0 = Debug|Any CPU
		{BD1AF76D-ACDB-4041-A990-3A6A53869278}.Release|Any CPU.ActiveCfg = Release|Any CPU
		{BD1AF76D-ACDB-4041-A990-3A6A53869278}.Release|Any CPU.Build.0 = Release|Any CPU
	EndGlobalSection
	GlobalSection(SolutionProperties) = preSolution
		HideSolutionNode = FALSE
	EndGlobalSection
	GlobalSection(ExtensibilityGlobals) = postSolution
		SolutionGuid = {3AE37511-52E7-4DD7-AFDD-64D4275BE9FA}
	EndGlobalSection
EndGlobal
